
Microsoft Visual Studio Solution File, Format Version 12.00
# Visual Studio Version 17
VisualStudioVersion = 17.2.32616.157
MinimumVisualStudioVersion = 10.0.40219.1
Project("{FAE04EC0-301F-11D3-BF4B-00C04F79EFBC}") = "MojangVerDownloader", "MojangVerDownloader\MojangVerDownloader.csproj", "{31DF1347-9362-47AB-B526-EA0D43F030F4}"
EndProject
Global
	GlobalSection(SolutionConfigurationPlatforms) = preSolution
		Debug|Any CPU = Debug|Any CPU
		Release|Any CPU = Release|Any CPU
	EndGlobalSection
	GlobalSection(ProjectConfigurationPlatforms) = postSolution
		{31DF1347-9362-47AB-B526-EA0D43F030F4}.Debug|Any CPU.ActiveCfg = Debug|Any CPU
		{31DF1347-9362-47AB-B526-EA0D43F030F4}.Debug|Any CPU.Build.0 = Debug|Any CPU
		{31DF1347-9362-47AB-B526-EA0D43F030F4}.Release|Any CPU.ActiveCfg = Release|Any CPU
		{31DF1347-9362-47AB-B526-EA0D43F030F4}.Release|Any CPU.Build.0 = Release|Any CPU
	EndGlobalSection
	GlobalSection(SolutionProperties) = preSolution
		HideSolutionNode = FALSE
	EndGlobalSection
	GlobalSection(ExtensibilityGlobals) = postSolution
		SolutionGuid = {AE68C775-915C-45C9-9448-1AB2ABC99EA4}
	EndGlobalSection
EndGlobal
